# This file is automatically @generated by Cargo.
# It is not intended for manual editing.
version = 4

[[package]]
name = "auralite-collision"
version = "0.1.0"
dependencies = [
 "auralite-math",
]

[[package]]
name = "auralite-core"
version = "0.1.0"
dependencies = [
 "auralite-math",
]

[[package]]
name = "auralite-dynamics"
version = "0.1.0"
dependencies = [
 "auralite-collision",
 "auralite-core",
 "auralite-geometry",
 "auralite-math",
]

[[package]]
name = "auralite-ffi"
version = "0.1.0"
dependencies = [
 "auralite-dynamics",
 "auralite-math",
]

[[package]]
name = "auralite-geometry"
version = "0.1.0"
dependencies = [
 "auralite-math",
]

[[package]]
name = "auralite-gpu"
version = "0.1.0"
dependencies = [
 "auralite-collision",
 "auralite-core",
 "auralite-dynamics",
 "auralite-math",
]

[[package]]
name = "auralite-math"
version = "0.1.0"

[[package]]
name = "auralite-particles"
version = "0.1.0"
dependencies = [
 "auralite-collision",
 "auralite-core",
 "auralite-dynamics",
 "auralite-geometry",
 "auralite-math",
]

[[package]]
name = "auralite-sandbox"
version = "0.1.0"
dependencies = [
 "auralite-collision",
 "auralite-core",
 "auralite-dynamics",
 "auralite-geometry",
 "auralite-math",
 "auralite-particles",
 "auralite-serialize",
 "auralite-softbody",
 "auralite-vehicles",
]

[[package]]
name = "auralite-serialize"
version = "0.1.0"
dependencies = [
 "auralite-collision",
 "auralite-core",
 "auralite-dynamics",
 "auralite-geometry",
 "auralite-math",
 "auralite-particles",
 "auralite-softbody",
]

[[package]]
name = "auralite-softbody"
version = "0.1.0"
dependencies = [
 "auralite-collision",
 "auralite-core",
 "auralite-dynamics",
 "auralite-geometry",
 "auralite-math",
]

[[package]]
name = "auralite-vehicles"
version = "0.1.0"
dependencies = [
 "auralite-collision",
 "auralite-core",
 "auralite-dynamics",
 "auralite-geometry",
 "auralite-math",
]
